{
  "lib/forge-std": {
    "tag": {
      "name": "v1.16.1",
      "rev": "620536fa5277db4e3fd46772d5cbc1ea0696fb43"
    }
  },
  "lib/openzeppelin-contracts": {
    "tag": {
      "name": "v5.0.0",
      "rev": "932fddf69a699a9a80fd2396fd1a2ab91cdda123"
    }
  },
  "lib/uniswap-v2-core": {
    "tag": {
      "name": "v1.0.1",
      "rev": "4dd59067c76dea4a0e8e4bfdda41877a6b16dedc"
    }
  },
  "lib/uniswap-v2-periphery": {
    "rev": "ed24991304291297c3b4a52818d02f46a17aa9a2"
  }
}